
Microsoft Visual Studio Solution File, Format Version 12.00
# Visual Studio Version 17
VisualStudioVersion = 17.9.34607.119
MinimumVisualStudioVersion = 10.0.40219.1
Project("{FAE04EC0-301F-11D3-BF4B-00C04F79EFBC}") = "ArrayList", "ArrayList.csproj", "{F987DBF8-D51A-470B-915E-5AB41441276A}"
EndProject
Global
	GlobalSection(SolutionConfigurationPlatforms) = preSolution
		Debug|Any CPU = Debug|Any CPU
		Release|Any CPU = Release|Any CPU
	EndGlobalSection
	GlobalSection(ProjectConfigurationPlatforms) = postSolution
		{F987DBF8-D51A-470B-915E-5AB41441276A}.Debug|Any CPU.ActiveCfg = Debug|Any CPU
		{F987DBF8-D51A-470B-915E-5AB41441276A}.Debug|Any CPU.Build.0 = Debug|Any CPU
		{F987DBF8-D51A-470B-915E-5AB41441276A}.Release|Any CPU.ActiveCfg = Release|Any CPU
		{F987DBF8-D51A-470B-915E-5AB41441276A}.Release|Any CPU.Build.0 = Release|Any CPU
	EndGlobalSection
	GlobalSection(SolutionProperties) = preSolution
		HideSolutionNode = FALSE
	EndGlobalSection
	GlobalSection(ExtensibilityGlobals) = postSolution
		SolutionGuid = {5D243D84-7B89-46F1-9B78-31E2D69D4FFC}
	EndGlobalSection
EndGlobal
